
Microsoft Visual Studio Solution File, Format Version 12.00
# Visual Studio Version 17
VisualStudioVersion = 17.7.34221.43
MinimumVisualStudioVersion = 10.0.40219.1
Project("{FAE04EC0-301F-11D3-BF4B-00C04F79EFBC}") = "AdminTestShell", "AdminTestShell\AdminTestShell.csproj", "{9729BEDA-8A4C-406C-87FF-690596724E1B}"
	ProjectSection(ProjectDependencies) = postProject
		{70F2E9C2-CA3B-4875-8C5D-8632EDC81C96} = {70F2E9C2-CA3B-4875-8C5D-8632EDC81C96}
	EndProjectSection
EndProject
Project("{FAE04EC0-301F-11D3-BF4B-00C04F79EFBC}") = "Database", "Database\Database.csproj", "{70F2E9C2-CA3B-4875-8C5D-8632EDC81C96}"
EndProject
Global
	GlobalSection(SolutionConfigurationPlatforms) = preSolution
		Debug|Any CPU = Debug|Any CPU
		Release|Any CPU = Release|Any CPU
	EndGlobalSection
	GlobalSection(ProjectConfigurationPlatforms) = postSolution
		{9729BEDA-8A4C-406C-87FF-690596724E1B}.Debug|Any CPU.ActiveCfg = Debug|Any CPU
		{9729BEDA-8A4C-406C-87FF-690596724E1B}.Debug|Any CPU.Build.0 = Debug|Any CPU
		{9729BEDA-8A4C-406C-87FF-690596724E1B}.Release|Any CPU.ActiveCfg = Release|Any CPU
		{9729BEDA-8A4C-406C-87FF-690596724E1B}.Release|Any CPU.Build.0 = Release|Any CPU
		{70F2E9C2-CA3B-4875-8C5D-8632EDC81C96}.Debug|Any CPU.ActiveCfg = Debug|Any CPU
		{70F2E9C2-CA3B-4875-8C5D-8632EDC81C96}.Debug|Any CPU.Build.0 = Debug|Any CPU
		{70F2E9C2-CA3B-4875-8C5D-8632EDC81C96}.Release|Any CPU.ActiveCfg = Release|Any CPU
		{70F2E9C2-CA3B-4875-8C5D-8632EDC81C96}.Release|Any CPU.Build.0 = Release|Any CPU
	EndGlobalSection
	GlobalSection(SolutionProperties) = preSolution
		HideSolutionNode = FALSE
	EndGlobalSection
	GlobalSection(ExtensibilityGlobals) = postSolution
		SolutionGuid = {C4814DAC-B0E4-4FDE-AC42-F01A2343E910}
	EndGlobalSection
EndGlobal
